
Microsoft Visual Studio Solution File, Format Version 12.00
# Visual Studio Version 17
VisualStudioVersion = 17.7.34024.191
MinimumVisualStudioVersion = 10.0.40219.1
Project("{FAE04EC0-301F-11D3-BF4B-00C04F79EFBC}") = "Práctica 2", "Práctica 2\Práctica 2.csproj", "{8EE72F6E-B0A8-48EE-9CA8-0AFB215636C7}"
EndProject
Global
	GlobalSection(SolutionConfigurationPlatforms) = preSolution
		Debug|Any CPU = Debug|Any CPU
		Release|Any CPU = Release|Any CPU
	EndGlobalSection
	GlobalSection(ProjectConfigurationPlatforms) = postSolution
		{8EE72F6E-B0A8-48EE-9CA8-0AFB215636C7}.Debug|Any CPU.ActiveCfg = Debug|Any CPU
		{8EE72F6E-B0A8-48EE-9CA8-0AFB215636C7}.Debug|Any CPU.Build.0 = Debug|Any CPU
		{8EE72F6E-B0A8-48EE-9CA8-0AFB215636C7}.Release|Any CPU.ActiveCfg = Release|Any CPU
		{8EE72F6E-B0A8-48EE-9CA8-0AFB215636C7}.Release|Any CPU.Build.0 = Release|Any CPU
	EndGlobalSection
	GlobalSection(SolutionProperties) = preSolution
		HideSolutionNode = FALSE
	EndGlobalSection
	GlobalSection(ExtensibilityGlobals) = postSolution
		SolutionGuid = {E0E59D65-19E7-46B3-9E5F-A8CEAE490D97}
	EndGlobalSection
EndGlobal
